{
  "name": "ai-sre-commander",
  "version": "1.0.0",
  "lockfileVersion": 3,
  "requires": true,
  "packages": {
    "": {
      "name": "ai-sre-commander",
      "version": "1.0.0",
      "license": "Apache-2.0",
      "workspaces": [
        "packages/*",
        "services/*",
        "agents/*",
        "apps/*"
      ],
      "devDependencies": {
        "@types/node": "^26.6.2",
        "typescript": "^5.8.2"
      }
    },
    "agents/change-intelligence": {
      "name": "@ai-sre/agent-change-intelligence",
      "version": "1.0.0",
      "dependencies": {
        "@ai-sre/event-schema": "*",
        "@ai-sre/security": "*"
      },
      "devDependencies": {
        "typescript": "^5.8.2"
      }
    },
    "agents/kubernetes": {
      "name": "@ai-sre/agent-kubernetes",
      "version": "1.0.0",
      "dependencies": {
        "@ai-sre/event-schema": "*",
        "@ai-sre/security": "*"
      },
      "devDependencies": {
        "typescript": "^5.8.2"
      }
    },
    "agents/observability": {
      "name": "@ai-sre/agent-observability",
      "version": "1.0.0",
      "dependencies": {
        "@ai-sre/event-schema": "*",
        "@ai-sre/security": "*"
      },
      "devDependencies": {
        "typescript": "^5.8.2"
      }
    },
    "agents/rca": {
      "name": "@ai-sre/agent-rca",
      "version": "1.0.0",
      "dependencies": {
        "@ai-sre/event-schema": "*",
        "@ai-sre/security": "*"
      },
      "devDependencies": {
        "typescript": "^5.8.2"
      }
    },
    "agents/remediation": {
      "name": "@ai-sre/agent-remediation",
      "version": "1.0.0",
      "dependencies": {
        "@ai-sre/event-schema": "*",
        "@ai-sre/security": "*"
      },
      "devDependencies": {
        "typescript": "^5.8.2"
      }
    },
    "agents/verification": {
      "name": "@ai-sre/agent-verification",
      "version": "1.0.0",
      "dependencies": {
        "@ai-sre/event-schema": "*",
        "@ai-sre/security": "*"
      },
      "devDependencies": {
        "typescript": "^5.8.2"
      }
    },
    "node_modules/@ai-sre/agent-change-intelligence": {
      "resolved": "agents/change-intelligence",
      "link": true
    },
    "node_modules/@ai-sre/agent-kubernetes": {
      "resolved": "agents/kubernetes",
      "link": true
    },
    "node_modules/@ai-sre/agent-observability": {
      "resolved": "agents/observability",
      "link": true
    },
    "node_modules/@ai-sre/agent-rca": {
      "resolved": "agents/rca",
      "link": true
    },
    "node_modules/@ai-sre/agent-remediation": {
      "resolved": "agents/remediation",
      "link": true
    },
    "node_modules/@ai-sre/agent-verification": {
      "resolved": "agents/verification",
      "link": true
    },
    "node_modules/@ai-sre/ai-orchestrator": {
      "resolved": "services/ai-orchestrator",
      "link": true
    },
    "node_modules/@ai-sre/api-client": {
      "resolved": "packages/api-client",
      "link": true
    },
    "node_modules/@ai-sre/auth": {
      "resolved": "packages/auth",
      "link": true
    },
    "node_modules/@ai-sre/compliance-service": {
      "resolved": "services/compliance-service",
      "link": true
    },
    "node_modules/@ai-sre/correlation-engine": {
      "resolved": "services/correlation-engine",
      "link": true
    },
    "node_modules/@ai-sre/event-ingestion": {
      "resolved": "services/event-ingestion",
      "link": true
    },
    "node_modules/@ai-sre/event-schema": {
      "resolved": "packages/event-schema",
      "link": true
    },
    "node_modules/@ai-sre/evidence-service": {
      "resolved": "services/evidence-service",
      "link": true
    },
    "node_modules/@ai-sre/execution-service": {
      "resolved": "services/execution-service",
      "link": true
    },
    "node_modules/@ai-sre/incident-engine": {
      "resolved": "services/incident-engine",
      "link": true
    },
    "node_modules/@ai-sre/notification-service": {
      "resolved": "services/notification-service",
      "link": true
    },
    "node_modules/@ai-sre/policy-engine": {
      "resolved": "services/policy-engine",
      "link": true
    },
    "node_modules/@ai-sre/remediation-engine": {
      "resolved": "services/remediation-engine",
      "link": true
    },
    "node_modules/@ai-sre/security": {
      "resolved": "packages/security",
      "link": true
    },
    "node_modules/@ai-sre/telemetry": {
      "resolved": "packages/telemetry",
      "link": true
    },
    "node_modules/@ai-sre/verification-service": {
      "resolved": "services/verification-service",
      "link": true
    },
    "node_modules/@types/node": {
      "version": "26.6.2",
      "resolved": "https://registry.npmjs.org/@types/node/-/node-26.6.2.tgz",
      "integrity": "sha512-X1P21scMv4zGKLYqjdGjaKa7COa0RKVYYZZN/NfvLQ1JegxFhdhpZG/Lyn8AXx6CDUavKAd11v6BvfpkDByK8g==",
      "dev": true,
      "license": "MIT",
      "dependencies": {
        "undici-types": "~8.9.0"
      }
    },
    "node_modules/typescript": {
      "version": "5.9.3",
      "resolved": "https://registry.npmjs.org/typescript/-/typescript-5.9.3.tgz",
      "integrity": "sha512-jl1vZzPDinLr9eUt3J/t7V6FgNEw9QjvBPdysz9KfQDD41fQrC2Y4vKQdiaUpFT4bXlb1RHhLpp8wtm6M5TgSw==",
      "dev": true,
      "license": "Apache-2.0",
      "bin": {
        "tsc": "bin/tsc",
        "tsserver": "bin/tsserver"
      },
      "engines": {
        "node": ">=14.17"
      }
    },
    "node_modules/undici-types": {
      "version": "8.9.0",
      "resolved": "https://registry.npmjs.org/undici-types/-/undici-types-8.9.0.tgz",
      "integrity": "sha512-KTDyRTYX8sWmKXAikPHHSyc63CRPETMctyjKFupcC6OBLXT3xsN0e9aF7m+mIXutFWpUXuedtowG7iLOzp0kQg==",
      "dev": true,
      "license": "MIT"
    },
    "node_modules/zod": {
      "version": "3.25.76",
      "resolved": "https://registry.npmjs.org/zod/-/zod-3.25.76.tgz",
      "integrity": "sha512-gzUt/qt81nXsFGKIFcC3YnfEAx5NkunCfnDlvuBSSFS02bcXu4Lmea0AFIUwbLWxWPx3d9p8S5QoaujKcNQxcQ==",
      "license": "MIT",
      "funding": {
        "url": "https://github.com/sponsors/colinhacks"
      }
    },
    "packages/api-client": {
      "name": "@ai-sre/api-client",
      "version": "1.0.0",
      "dependencies": {
        "@ai-sre/event-schema": "*"
      },
      "devDependencies": {
        "typescript": "^5.8.2"
      }
    },
    "packages/auth": {
      "name": "@ai-sre/auth",
      "version": "1.0.0",
      "dependencies": {
        "zod": "^3.24.2"
      },
      "devDependencies": {
        "typescript": "^5.8.2"
      }
    },
    "packages/event-schema": {
      "name": "@ai-sre/event-schema",
      "version": "1.0.0",
      "dependencies": {
        "zod": "^3.24.2"
      },
      "devDependencies": {
        "typescript": "^5.8.2"
      }
    },
    "packages/security": {
      "name": "@ai-sre/security",
      "version": "1.0.0",
      "devDependencies": {
        "typescript": "^5.8.2"
      }
    },
    "packages/telemetry": {
      "name": "@ai-sre/telemetry",
      "version": "1.0.0",
      "devDependencies": {
        "typescript": "^5.8.2"
      }
    },
    "services/ai-orchestrator": {
      "name": "@ai-sre/ai-orchestrator",
      "version": "1.0.0",
      "dependencies": {
        "@ai-sre/agent-change-intelligence": "*",
        "@ai-sre/agent-kubernetes": "*",
        "@ai-sre/agent-observability": "*",
        "@ai-sre/agent-rca": "*",
        "@ai-sre/agent-remediation": "*",
        "@ai-sre/agent-verification": "*",
        "@ai-sre/event-schema": "*",
        "@ai-sre/incident-engine": "*",
        "@ai-sre/security": "*",
        "@ai-sre/telemetry": "*",
        "zod": "^3.24.2"
      },
      "devDependencies": {
        "typescript": "^5.8.2"
      }
    },
    "services/compliance-service": {
      "name": "@ai-sre/compliance-service",
      "version": "1.0.0",
      "dependencies": {
        "@ai-sre/event-schema": "*",
        "@ai-sre/incident-engine": "*",
        "@ai-sre/security": "*"
      },
      "devDependencies": {
        "typescript": "^5.8.2"
      }
    },
    "services/correlation-engine": {
      "name": "@ai-sre/correlation-engine",
      "version": "1.0.0",
      "dependencies": {
        "@ai-sre/event-schema": "*",
        "@ai-sre/incident-engine": "*"
      },
      "devDependencies": {
        "typescript": "^5.8.2"
      }
    },
    "services/event-ingestion": {
      "name": "@ai-sre/event-ingestion",
      "version": "1.0.0",
      "dependencies": {
        "@ai-sre/event-schema": "*",
        "@ai-sre/security": "*",
        "zod": "^3.24.2"
      },
      "devDependencies": {
        "typescript": "^5.8.2"
      }
    },
    "services/evidence-service": {
      "name": "@ai-sre/evidence-service",
      "version": "1.0.0",
      "dependencies": {
        "@ai-sre/event-schema": "*",
        "@ai-sre/security": "*"
      },
      "devDependencies": {
        "typescript": "^5.8.2"
      }
    },
    "services/execution-service": {
      "name": "@ai-sre/execution-service",
      "version": "1.0.0",
      "dependencies": {
        "@ai-sre/event-schema": "*",
        "@ai-sre/incident-engine": "*",
        "@ai-sre/telemetry": "*"
      },
      "devDependencies": {
        "typescript": "^5.8.2"
      }
    },
    "services/incident-engine": {
      "name": "@ai-sre/incident-engine",
      "version": "1.0.0",
      "dependencies": {
        "@ai-sre/event-schema": "*",
        "@ai-sre/security": "*",
        "zod": "^3.24.2"
      },
      "devDependencies": {
        "typescript": "^5.8.2"
      }
    },
    "services/notification-service": {
      "name": "@ai-sre/notification-service",
      "version": "1.0.0",
      "dependencies": {
        "@ai-sre/event-schema": "*"
      },
      "devDependencies": {
        "typescript": "^5.8.2"
      }
    },
    "services/policy-engine": {
      "name": "@ai-sre/policy-engine",
      "version": "1.0.0",
      "dependencies": {
        "@ai-sre/auth": "*",
        "@ai-sre/event-schema": "*"
      },
      "devDependencies": {
        "typescript": "^5.8.2"
      }
    },
    "services/remediation-engine": {
      "name": "@ai-sre/remediation-engine",
      "version": "1.0.0",
      "dependencies": {
        "@ai-sre/auth": "*",
        "@ai-sre/event-schema": "*",
        "@ai-sre/incident-engine": "*",
        "@ai-sre/policy-engine": "*",
        "@ai-sre/security": "*"
      },
      "devDependencies": {
        "typescript": "^5.8.2"
      }
    },
    "services/verification-service": {
      "name": "@ai-sre/verification-service",
      "version": "1.0.0",
      "dependencies": {
        "@ai-sre/agent-verification": "*",
        "@ai-sre/event-schema": "*",
        "@ai-sre/incident-engine": "*"
      },
      "devDependencies": {
        "typescript": "^5.8.2"
      }
    }
  }
}
